<?xml version="1.0" encoding="utf-8"?>
<Project ToolsVersion="4.0" xmlns="http://schemas.microsoft.com/developer/msbuild/2003">
  <ItemGroup>
    <Filter Include="소스 파일">
      <UniqueIdentifier>{4FC737F1-C7A5-4376-A066-2A32D752A2FF}</UniqueIdentifier>
      <Extensions>cpp;c;cc;cxx;c++;def;odl;idl;hpj;bat;asm;asmx</Extensions>
    </Filter>
    <Filter Include="헤더 파일">
      <UniqueIdentifier>{93995380-89BD-4b04-88EB-625FBE52EBFB}</UniqueIdentifier>
      <Extensions>h;hh;hpp;hxx;h++;hm;inl;inc;ipp;xsd</Extensions>
    </Filter>
    <Filter Include="리소스 파일">
      <UniqueIdentifier>{67DA6AB6-F800-4c08-8B7A-83BB121AAD01}</UniqueIdentifier>
      <Extensions>rc;ico;cur;bmp;dlg;rc2;rct;bin;rgs;gif;jpg;jpeg;jpe;resx;tiff;tif;png;wav;mfcribbon-ms</Extensions>
    </Filter>
  </ItemGroup>
  <ItemGroup>
    <ClCompile Include="10951.cpp">
      <Filter>소스 파일</Filter>
    </ClCompile>
    <ClCompile Include="2346.cpp">
      <Filter>소스 파일</Filter>
    </ClCompile>
    <ClCompile Include="11866.cpp">
      <Filter>소스 파일</Filter>
    </ClCompile>
    <ClCompile Include="2003.cpp">
      <Filter>소스 파일</Filter>
    </ClCompile>
    <ClCompile Include="1259.cpp">
      <Filter>소스 파일</Filter>
    </ClCompile>
    <ClCompile Include="16503.cpp">
      <Filter>소스 파일</Filter>
    </ClCompile>
    <ClCompile Include="16507.cpp">
      <Filter>소스 파일</Filter>
    </ClCompile>
    <ClCompile Include="1550.cpp">
      <Filter>소스 파일</Filter>
    </ClCompile>
    <ClCompile Include="2556.cpp">
      <Filter>소스 파일</Filter>
    </ClCompile>
    <ClCompile Include="3003.cpp">
      <Filter>소스 파일</Filter>
    </ClCompile>
    <ClCompile Include="5337.cpp">
      <Filter>소스 파일</Filter>
    </ClCompile>
    <ClCompile Include="10990.cpp">
      <Filter>소스 파일</Filter>
    </ClCompile>
    <ClCompile Include="11023.cpp">
      <Filter>소스 파일</Filter>
    </ClCompile>
    <ClCompile Include="13752.cpp">
      <Filter>소스 파일</Filter>
    </ClCompile>
    <ClCompile Include="14489.cpp">
      <Filter>소스 파일</Filter>
    </ClCompile>
    <ClCompile Include="14592.cpp">
      <Filter>소스 파일</Filter>
    </ClCompile>
    <ClCompile Include="14656.cpp">
      <Filter>소스 파일</Filter>
    </ClCompile>
    <ClCompile Include="18883.cpp">
      <Filter>소스 파일</Filter>
    </ClCompile>
    <ClCompile Include="1173.cpp">
      <Filter>소스 파일</Filter>
    </ClCompile>
    <ClCompile Include="1551.cpp">
      <Filter>소스 파일</Filter>
    </ClCompile>
    <ClCompile Include="5363.cpp">
      <Filter>소스 파일</Filter>
    </ClCompile>
    <ClCompile Include="6321.cpp">
      <Filter>소스 파일</Filter>
    </ClCompile>
    <ClCompile Include="6679.cpp">
      <Filter>소스 파일</Filter>
    </ClCompile>
    <ClCompile Include="9086.cpp">
      <Filter>소스 파일</Filter>
    </ClCompile>
    <ClCompile Include="10093.cpp">
      <Filter>소스 파일</Filter>
    </ClCompile>
    <ClCompile Include="15969.cpp">
      <Filter>소스 파일</Filter>
    </ClCompile>
    <ClCompile Include="11648.cpp">
      <Filter>소스 파일</Filter>
    </ClCompile>
    <ClCompile Include="11945.cpp">
      <Filter>소스 파일</Filter>
    </ClCompile>
    <ClCompile Include="2420.cpp">
      <Filter>소스 파일</Filter>
    </ClCompile>
    <ClCompile Include="14648.cpp">
      <Filter>소스 파일</Filter>
    </ClCompile>
    <ClCompile Include="1620.cpp">
      <Filter>소스 파일</Filter>
    </ClCompile>
    <ClCompile Include="12605.cpp">
      <Filter>소스 파일</Filter>
    </ClCompile>
    <ClCompile Include="2204.cpp">
      <Filter>소스 파일</Filter>
    </ClCompile>
    <ClCompile Include="1966.cpp">
      <Filter>소스 파일</Filter>
    </ClCompile>
    <ClCompile Include="1871.cpp">
      <Filter>소스 파일</Filter>
    </ClCompile>
    <ClCompile Include="1235.cpp">
      <Filter>소스 파일</Filter>
    </ClCompile>
    <ClCompile Include="1244.cpp">
      <Filter>소스 파일</Filter>
    </ClCompile>
    <ClCompile Include="10799.cpp">
      <Filter>소스 파일</Filter>
    </ClCompile>
    <ClCompile Include="10872.cpp">
      <Filter>소스 파일</Filter>
    </ClCompile>
    <ClCompile Include="1337.cpp">
      <Filter>소스 파일</Filter>
    </ClCompile>
    <ClCompile Include="11724.cpp">
      <Filter>소스 파일</Filter>
    </ClCompile>
    <ClCompile Include="1208.cpp">
      <Filter>소스 파일</Filter>
    </ClCompile>
    <ClCompile Include="1022.cpp">
      <Filter>소스 파일</Filter>
    </ClCompile>
    <ClCompile Include="..\AlgorithmWithCreativeCpp\14502.cpp">
      <Filter>소스 파일</Filter>
    </ClCompile>
    <ClCompile Include="1600.cpp">
      <Filter>소스 파일</Filter>
    </ClCompile>
    <ClCompile Include="11728.cpp">
      <Filter>소스 파일</Filter>
    </ClCompile>
    <ClCompile Include="10989.cpp">
      <Filter>소스 파일</Filter>
    </ClCompile>
    <ClCompile Include="1707.cpp">
      <Filter>소스 파일</Filter>
    </ClCompile>
    <ClCompile Include="11931.cpp">
      <Filter>소스 파일</Filter>
    </ClCompile>
    <ClCompile Include="15688.cpp">
      <Filter>소스 파일</Filter>
    </ClCompile>
    <ClCompile Include="5567.cpp">
      <Filter>소스 파일</Filter>
    </ClCompile>
    <ClCompile Include="9466.cpp">
      <Filter>소스 파일</Filter>
    </ClCompile>
    <ClCompile Include="1783.cpp">
      <Filter>소스 파일</Filter>
    </ClCompile>
    <ClCompile Include="1931.cpp">
      <Filter>소스 파일</Filter>
    </ClCompile>
    <ClCompile Include="1744.cpp">
      <Filter>소스 파일</Filter>
    </ClCompile>
    <ClCompile Include="1780.cpp">
      <Filter>소스 파일</Filter>
    </ClCompile>
    <ClCompile Include="..\AlgorithmWithCreativeCpp\10026.cpp">
      <Filter>소스 파일</Filter>
    </ClCompile>
    <ClCompile Include="2573(빙하).cpp">
      <Filter>소스 파일</Filter>
    </ClCompile>
    <ClCompile Include="15686(치킨배달).cpp">
      <Filter>소스 파일</Filter>
    </ClCompile>
    <ClCompile Include="2669(직사각형 네개의 합집합의 면적 구하기).cpp">
      <Filter>소스 파일</Filter>
    </ClCompile>
    <ClCompile Include="2636(치즈).cpp">
      <Filter>소스 파일</Filter>
    </ClCompile>
    <ClCompile Include="1629(곱셈).cpp">
      <Filter>소스 파일</Filter>
    </ClCompile>
    <ClCompile Include="8892(팰린드롬).cpp">
      <Filter>소스 파일</Filter>
    </ClCompile>
    <ClCompile Include="1213(팰린드롬만들기).cpp">
      <Filter>소스 파일</Filter>
    </ClCompile>
    <ClCompile Include="..\AlgorithmWithCreativeCpp\15666(N과M_12).cpp">
      <Filter>소스 파일</Filter>
    </ClCompile>
    <ClCompile Include="2206%28벽부수고이동하기%29_OXXX.cpp">
      <Filter>소스 파일</Filter>
    </ClCompile>
    <ClCompile Include="10974%28모든순열%29.cpp">
      <Filter>소스 파일</Filter>
    </ClCompile>
    <ClCompile Include="10804(카드역배치).cpp">
      <Filter>소스 파일</Filter>
    </ClCompile>
    <ClCompile Include="15649%28N과M_1%29.cpp">
      <Filter>소스 파일</Filter>
    </ClCompile>
    <ClCompile Include="9663(N-Queen).cpp">
      <Filter>소스 파일</Filter>
    </ClCompile>
    <ClCompile Include="1182%28부분수열의 합%29.cpp">
      <Filter>소스 파일</Filter>
    </ClCompile>
    <ClCompile Include="1926(그림).cpp">
      <Filter>소스 파일</Filter>
    </ClCompile>
    <ClCompile Include="2178(미로찾기).cpp">
      <Filter>소스 파일</Filter>
    </ClCompile>
    <ClCompile Include="7576(토마토).cpp">
      <Filter>소스 파일</Filter>
    </ClCompile>
    <ClCompile Include="4179(불!).cpp">
      <Filter>소스 파일</Filter>
    </ClCompile>
    <ClCompile Include="5427(불).cpp">
      <Filter>소스 파일</Filter>
    </ClCompile>
    <ClCompile Include="14719(빗물).cpp">
      <Filter>소스 파일</Filter>
    </ClCompile>
    <ClCompile Include="11501(주식).cpp">
      <Filter>소스 파일</Filter>
    </ClCompile>
    <ClCompile Include="17827(달팽이 리스트).cpp">
      <Filter>소스 파일</Filter>
    </ClCompile>
    <ClCompile Include="1406(에디터).cpp">
      <Filter>소스 파일</Filter>
    </ClCompile>
    <ClCompile Include="1697(숨바꼭질).cpp">
      <Filter>소스 파일</Filter>
    </ClCompile>
    <ClCompile Include="12851(숨바꼭질 2).cpp">
      <Filter>소스 파일</Filter>
    </ClCompile>
    <ClCompile Include="13549(숨바꼭질 3).cpp">
      <Filter>소스 파일</Filter>
    </ClCompile>
    <ClCompile Include="11098%28첼시를 도와줘!_priority_queue struct 관련 예시%29.cpp">
      <Filter>소스 파일</Filter>
    </ClCompile>
    <ClCompile Include="15683(감시).cpp">
      <Filter>소스 파일</Filter>
    </ClCompile>
    <ClCompile Include="4375%281%29.cpp">
      <Filter>소스 파일</Filter>
    </ClCompile>
    <ClCompile Include="1107(리모컨).cpp">
      <Filter>소스 파일</Filter>
    </ClCompile>
    <ClCompile Include="1748(수 이어쓰기 1).cpp">
      <Filter>소스 파일</Filter>
    </ClCompile>
    <ClCompile Include="14500(테트로미노).cpp">
      <Filter>소스 파일</Filter>
    </ClCompile>
    <ClCompile Include="10972%28다음 순열%29.cpp">
      <Filter>소스 파일</Filter>
    </ClCompile>
    <ClCompile Include="18290(NM과 K(1)).cpp">
      <Filter>소스 파일</Filter>
    </ClCompile>
    <ClCompile Include="14226(이모티콘).cpp">
      <Filter>소스 파일</Filter>
    </ClCompile>
    <ClCompile Include="1327(소트게임).cpp">
      <Filter>소스 파일</Filter>
    </ClCompile>
    <ClCompile Include="2846(오르막길).cpp">
      <Filter>소스 파일</Filter>
    </ClCompile>
    <ClCompile Include="1520(내리막 길).cpp">
      <Filter>소스 파일</Filter>
    </ClCompile>
    <ClCompile Include="12761(돌다리).cpp">
      <Filter>소스 파일</Filter>
    </ClCompile>
    <ClCompile Include="17478(재귀함수가 뭔가요).cpp">
      <Filter>소스 파일</Filter>
    </ClCompile>
    <ClCompile Include="16505(별).cpp">
      <Filter>소스 파일</Filter>
    </ClCompile>
    <ClCompile Include="16234(인구 이동).cpp">
      <Filter>소스 파일</Filter>
    </ClCompile>
    <ClCompile Include="18258(큐 2).cpp">
      <Filter>소스 파일</Filter>
    </ClCompile>
    <ClCompile Include="3190(뱀).cpp">
      <Filter>소스 파일</Filter>
    </ClCompile>
    <ClCompile Include="10973(이전 순열).cpp">
      <Filter>소스 파일</Filter>
    </ClCompile>
    <ClCompile Include="16926(배열 돌리기1).cpp">
      <Filter>소스 파일</Filter>
    </ClCompile>
    <ClCompile Include="13023(ABCDE).cpp">
      <Filter>소스 파일</Filter>
    </ClCompile>
    <ClCompile Include="16948(데스 나이트).cpp">
      <Filter>소스 파일</Filter>
    </ClCompile>
    <ClCompile Include="2512(예산).cpp">
      <Filter>소스 파일</Filter>
    </ClCompile>
    <ClCompile Include="1072(게임).cpp">
      <Filter>소스 파일</Filter>
    </ClCompile>
    <ClCompile Include="3098(소셜네트워크).cpp">
      <Filter>소스 파일</Filter>
    </ClCompile>
    <ClCompile Include="10430(나머지).cpp">
      <Filter>소스 파일</Filter>
    </ClCompile>
    <ClCompile Include="1037(약수).cpp">
      <Filter>소스 파일</Filter>
    </ClCompile>
    <ClCompile Include="17427(약수의 합 2).cpp">
      <Filter>소스 파일</Filter>
    </ClCompile>
    <ClCompile Include="1476(날짜 계산).cpp">
      <Filter>소스 파일</Filter>
    </ClCompile>
    <ClCompile Include="9095(1, 2, 3 더하기).cpp">
      <Filter>소스 파일</Filter>
    </ClCompile>
    <ClCompile Include="18290(NM과 K (1)).cpp">
      <Filter>소스 파일</Filter>
    </ClCompile>
    <ClCompile Include="14889(스타트와 링크).cpp">
      <Filter>소스 파일</Filter>
    </ClCompile>
    <ClCompile Include="15661(링크와 스타트).cpp">
      <Filter>소스 파일</Filter>
    </ClCompile>
    <ClCompile Include="10971(외판원 순회 2).cpp">
      <Filter>소스 파일</Filter>
    </ClCompile>
    <ClCompile Include="11723(집합).cpp">
      <Filter>소스 파일</Filter>
    </ClCompile>
    <ClCompile Include="1182(부분 수열의 합).cpp">
      <Filter>소스 파일</Filter>
    </ClCompile>
    <ClCompile Include="1202(보석 도둑).cpp">
      <Filter>소스 파일</Filter>
    </ClCompile>
    <ClCompile Include="12865(평범한 배낭).cpp">
      <Filter>소스 파일</Filter>
    </ClCompile>
    <ClCompile Include="4781(사탕 가게).cpp">
      <Filter>소스 파일</Filter>
    </ClCompile>
    <ClCompile Include="1535(안녕).cpp">
      <Filter>소스 파일</Filter>
    </ClCompile>
    <ClCompile Include="1463(1로 만들기).cpp">
      <Filter>소스 파일</Filter>
    </ClCompile>
    <ClCompile Include="15990(1,2,3 더하기 5).cpp">
      <Filter>소스 파일</Filter>
    </ClCompile>
    <ClCompile Include="14002(가장 긴 증가하는 부분 수열 4).cpp">
      <Filter>소스 파일</Filter>
    </ClCompile>
  </ItemGroup>
</Project>