<?xml version="1.0" encoding="utf-8"?>
<Project ToolsVersion="4.0" xmlns="http://schemas.microsoft.com/developer/msbuild/2003">
  <ItemGroup>
    <Filter Include="소스 파일">
      <UniqueIdentifier>{4FC737F1-C7A5-4376-A066-2A32D752A2FF}</UniqueIdentifier>
      <Extensions>cpp;c;cc;cxx;c++;def;odl;idl;hpj;bat;asm;asmx</Extensions>
    </Filter>
    <Filter Include="헤더 파일">
      <UniqueIdentifier>{93995380-89BD-4b04-88EB-625FBE52EBFB}</UniqueIdentifier>
      <Extensions>h;hh;hpp;hxx;h++;hm;inl;inc;ipp;xsd</Extensions>
    </Filter>
    <Filter Include="리소스 파일">
      <UniqueIdentifier>{67DA6AB6-F800-4c08-8B7A-83BB121AAD01}</UniqueIdentifier>
      <Extensions>rc;ico;cur;bmp;dlg;rc2;rct;bin;rgs;gif;jpg;jpeg;jpe;resx;tiff;tif;png;wav;mfcribbon-ms</Extensions>
    </Filter>
  </ItemGroup>
  <ItemGroup>
    <None Include="1000(A+B).py">
      <Filter>소스 파일</Filter>
    </None>
    <None Include="3. 조건문%28if분기문, 다중if문%29.py">
      <Filter>소스 파일</Filter>
    </None>
    <None Include="2. 변수입력과연산자.py">
      <Filter>소스 파일</Filter>
    </None>
    <None Include="4. 반복문(for, while, break, continue).py">
      <Filter>소스 파일</Filter>
    </None>
    <None Include="5. 반복문을 이용한 문제 풀이.py">
      <Filter>소스 파일</Filter>
    </None>
    <None Include="6. 중첩반복문(2중 for문).py">
      <Filter>소스 파일</Filter>
    </None>
    <None Include="7. 문자열과 내장함수.py">
      <Filter>소스 파일</Filter>
    </None>
    <None Include="8. 리스트와 내장함수(1).py">
      <Filter>소스 파일</Filter>
    </None>
    <None Include="9. 리스트와 내장함수(2).py">
      <Filter>소스 파일</Filter>
    </None>
    <None Include="10. 2차원 리스트 생성과 접근.py">
      <Filter>소스 파일</Filter>
    </None>
    <None Include="11. 함수만들기.py">
      <Filter>소스 파일</Filter>
    </None>
    <None Include="12. 람다함수.py">
      <Filter>소스 파일</Filter>
    </None>
    <None Include="1. k번째 약수.py">
      <Filter>소스 파일</Filter>
    </None>
    <None Include="2. k번째 수.py">
      <Filter>소스 파일</Filter>
    </None>
    <None Include="3. K번째 큰 수.py">
      <Filter>소스 파일</Filter>
    </None>
    <None Include="[선수지식] 최솟값 구하기.py">
      <Filter>소스 파일</Filter>
    </None>
    <None Include="4. 대표값.py">
      <Filter>소스 파일</Filter>
    </None>
    <None Include="대표값 오류수정.py">
      <Filter>소스 파일</Filter>
    </None>
    <None Include="5. 정다면체.py">
      <Filter>소스 파일</Filter>
    </None>
    <None Include="6. 자릿수의 합.py">
      <Filter>소스 파일</Filter>
    </None>
    <None Include="7. 소수의 개수(에라토스테네스 채).py">
      <Filter>소스 파일</Filter>
    </None>
    <None Include="8. 뒤집은 소수.py">
      <Filter>소스 파일</Filter>
    </None>
    <None Include="9. 주사위 게임.py">
      <Filter>소스 파일</Filter>
    </None>
    <None Include="10. 점수계산.py">
      <Filter>소스 파일</Filter>
    </None>
    <None Include="1. 회문 문자열 검사.py">
      <Filter>소스 파일</Filter>
    </None>
    <None Include="2. 숫자만 추출.py">
      <Filter>소스 파일</Filter>
    </None>
    <None Include="4. 두 리스트 합치기.py">
      <Filter>소스 파일</Filter>
    </None>
    <None Include="3. 카드 역배치.py">
      <Filter>소스 파일</Filter>
    </None>
  </ItemGroup>
  <ItemGroup>
    <ClCompile Include="15740%28A+B - 9%29.py">
      <Filter>소스 파일</Filter>
    </ClCompile>
  </ItemGroup>
</Project>